
Microsoft Visual Studio Solution File, Format Version 12.00
# Visual Studio Version 17
VisualStudioVersion = 17.11.35312.102
MinimumVisualStudioVersion = 10.0.40219.1
Project("{8BC9CEB8-8B4A-11D0-8D11-00A0C91BC942}") = "project_complex", "project_complex\project_complex.vcxproj", "{2FCDF60D-5249-4599-BB43-5A5431BDA468}"
EndProject
Global
	GlobalSection(SolutionConfigurationPlatforms) = preSolution
		Debug|x64 = Debug|x64
		Debug|x86 = Debug|x86
		Release|x64 = Release|x64
		Release|x86 = Release|x86
	EndGlobalSection
	GlobalSection(ProjectConfigurationPlatforms) = postSolution
		{2FCDF60D-5249-4599-BB43-5A5431BDA468}.Debug|x64.ActiveCfg = Debug|x64
		{2FCDF60D-5249-4599-BB43-5A5431BDA468}.Debug|x64.Build.0 = Debug|x64
		{2FCDF60D-5249-4599-BB43-5A5431BDA468}.Debug|x86.ActiveCfg = Debug|Win32
		{2FCDF60D-5249-4599-BB43-5A5431BDA468}.Debug|x86.Build.0 = Debug|Win32
		{2FCDF60D-5249-4599-BB43-5A5431BDA468}.Release|x64.ActiveCfg = Release|x64
		{2FCDF60D-5249-4599-BB43-5A5431BDA468}.Release|x64.Build.0 = Release|x64
		{2FCDF60D-5249-4599-BB43-5A5431BDA468}.Release|x86.ActiveCfg = Release|Win32
		{2FCDF60D-5249-4599-BB43-5A5431BDA468}.Release|x86.Build.0 = Release|Win32
	EndGlobalSection
	GlobalSection(SolutionProperties) = preSolution
		HideSolutionNode = FALSE
	EndGlobalSection
	GlobalSection(ExtensibilityGlobals) = postSolution
		SolutionGuid = {21709581-4893-4911-AD86-58814F17E03D}
	EndGlobalSection
EndGlobal
